
Microsoft Visual Studio Solution File, Format Version 12.00
# Visual Studio Version 16
VisualStudioVersion = 16.0.31702.278
MinimumVisualStudioVersion = 10.0.40219.1
Project("{FAE04EC0-301F-11D3-BF4B-00C04F79EFBC}") = "Lab5", "Lab5\Lab5.csproj", "{F83F3B78-150B-436C-ABB8-6A45ECDCB494}"
EndProject
Global
	GlobalSection(SolutionConfigurationPlatforms) = preSolution
		Debug|Any CPU = Debug|Any CPU
		Release|Any CPU = Release|Any CPU
	EndGlobalSection
	GlobalSection(ProjectConfigurationPlatforms) = postSolution
		{F83F3B78-150B-436C-ABB8-6A45ECDCB494}.Debug|Any CPU.ActiveCfg = Debug|Any CPU
		{F83F3B78-150B-436C-ABB8-6A45ECDCB494}.Debug|Any CPU.Build.0 = Debug|Any CPU
		{F83F3B78-150B-436C-ABB8-6A45ECDCB494}.Release|Any CPU.ActiveCfg = Release|Any CPU
		{F83F3B78-150B-436C-ABB8-6A45ECDCB494}.Release|Any CPU.Build.0 = Release|Any CPU
	EndGlobalSection
	GlobalSection(SolutionProperties) = preSolution
		HideSolutionNode = FALSE
	EndGlobalSection
	GlobalSection(ExtensibilityGlobals) = postSolution
		SolutionGuid = {8F880E59-971A-42CE-8701-A0C39BF4860D}
	EndGlobalSection
EndGlobal
